// !$*UTF8*$!
{
	archiveVersion = 1;
	classes = {
	};
	objectVersion = 56;
	objects = {

/* Begin PBXBuildFile section */
		861B5B5F2A95E2DB00B04E85 /* ColorSelector.swift in Sources */ = {isa = PBXBuildFile; fileRef = 861B5B5E2A95E2DB00B04E85 /* ColorSelector.swift */; };
		8633A36A2AAC979100F481F5 /* TestCollectionViewCell.swift in Sources */ = {isa = PBXBuildFile; fileRef = 8633A3682AAC979100F481F5 /* TestCollectionViewCell.swift */; };
		863D0FA92AACA1D400F38580 /* HeaderCollectionReusableView.swift in Sources */ = {isa = PBXBuildFile; fileRef = 863D0FA82AACA1D400F38580 /* HeaderCollectionReusableView.swift */; };
		863D0FAB2AAD4B5900F38580 /* FooterCollectionReusableView.swift in Sources */ = {isa = PBXBuildFile; fileRef = 863D0FAA2AAD4B5900F38580 /* FooterCollectionReusableView.swift */; };
		8643F5DC2AA9FB0600E66DD8 /* collectionViewController.swift in Sources */ = {isa = PBXBuildFile; fileRef = 8643F5DB2AA9FB0600E66DD8 /* collectionViewController.swift */; };
		8661FA9D2A95A178000F1024 /* AppDelegate.swift in Sources */ = {isa = PBXBuildFile; fileRef = 8661FA9C2A95A178000F1024 /* AppDelegate.swift */; };
		8661FA9F2A95A178000F1024 /* SceneDelegate.swift in Sources */ = {isa = PBXBuildFile; fileRef = 8661FA9E2A95A178000F1024 /* SceneDelegate.swift */; };
		8661FAA12A95A178000F1024 /* ViewController.swift in Sources */ = {isa = PBXBuildFile; fileRef = 8661FAA02A95A178000F1024 /* ViewController.swift */; };
		8661FAA42A95A178000F1024 /* Main.storyboard in Resources */ = {isa = PBXBuildFile; fileRef = 8661FAA22A95A178000F1024 /* Main.storyboard */; };
		8661FAA72A95A178000F1024 /* ReduxTest.xcdatamodeld in Sources */ = {isa = PBXBuildFile; fileRef = 8661FAA52A95A178000F1024 /* ReduxTest.xcdatamodeld */; };
		8661FAA92A95A178000F1024 /* Assets.xcassets in Resources */ = {isa = PBXBuildFile; fileRef = 8661FAA82A95A178000F1024 /* Assets.xcassets */; };
		8661FAAC2A95A178000F1024 /* LaunchScreen.storyboard in Resources */ = {isa = PBXBuildFile; fileRef = 8661FAAA2A95A178000F1024 /* LaunchScreen.storyboard */; };
		8661FAB52A95A3E6000F1024 /* ReSwift in Frameworks */ = {isa = PBXBuildFile; productRef = 8661FAB42A95A3E6000F1024 /* ReSwift */; };
		8661FAB92A95A41E000F1024 /* State.swift in Sources */ = {isa = PBXBuildFile; fileRef = 8661FAB82A95A41E000F1024 /* State.swift */; };
		8661FABF2A95A57C000F1024 /* CounterAction.swift in Sources */ = {isa = PBXBuildFile; fileRef = 8661FABE2A95A57C000F1024 /* CounterAction.swift */; };
		8661FAC22A95A60F000F1024 /* CounterReducer.swift in Sources */ = {isa = PBXBuildFile; fileRef = 8661FAC12A95A60F000F1024 /* CounterReducer.swift */; };
		8661FAC42A95C259000F1024 /* Store.swift in Sources */ = {isa = PBXBuildFile; fileRef = 8661FAC32A95C259000F1024 /* Store.swift */; };
		8661FAC62A95C549000F1024 /* CounterViewController.swift in Sources */ = {isa = PBXBuildFile; fileRef = 8661FAC52A95C549000F1024 /* CounterViewController.swift */; };
		8661FAC82A95CA6B000F1024 /* AppReducer.swift in Sources */ = {isa = PBXBuildFile; fileRef = 8661FAC72A95CA6B000F1024 /* AppReducer.swift */; };
		8690A19F2AADF4CC00913886 /* SecondHeaderCollectionReusableView.swift in Sources */ = {isa = PBXBuildFile; fileRef = 8690A19D2AADF4CC00913886 /* SecondHeaderCollectionReusableView.swift */; };
		8690A1A02AADF4CC00913886 /* SecondHeaderCollectionReusableView.xib in Resources */ = {isa = PBXBuildFile; fileRef = 8690A19E2AADF4CC00913886 /* SecondHeaderCollectionReusableView.xib */; };
		86A1948C2A99ABC9000C1B47 /* TableViewController.swift in Sources */ = {isa = PBXBuildFile; fileRef = 86A1948B2A99ABC9000C1B47 /* TableViewController.swift */; };
		86A1948E2A99AE6A000C1B47 /* TableReducer.swift in Sources */ = {isa = PBXBuildFile; fileRef = 86A1948D2A99AE6A000C1B47 /* TableReducer.swift */; };
		86A194902A99AF89000C1B47 /* TableAction.swift in Sources */ = {isa = PBXBuildFile; fileRef = 86A1948F2A99AF89000C1B47 /* TableAction.swift */; };
		86A194922A99B038000C1B47 /* Action.swift in Sources */ = {isa = PBXBuildFile; fileRef = 86A194912A99B038000C1B47 /* Action.swift */; };
/* End PBXBuildFile section */

/* Begin PBXFileReference section */
		861B5B5E2A95E2DB00B04E85 /* ColorSelector.swift */ = {isa = PBXFileReference; lastKnownFileType = sourcecode.swift; path = ColorSelector.swift; sourceTree = "<group>"; };
		8633A3682AAC979100F481F5 /* TestCollectionViewCell.swift */ = {isa = PBXFileReference; lastKnownFileType = sourcecode.swift; path = TestCollectionViewCell.swift; sourceTree = "<group>"; };
		863D0FA82AACA1D400F38580 /* HeaderCollectionReusableView.swift */ = {isa = PBXFileReference; lastKnownFileType = sourcecode.swift; path = HeaderCollectionReusableView.swift; sourceTree = "<group>"; };
		863D0FAA2AAD4B5900F38580 /* FooterCollectionReusableView.swift */ = {isa = PBXFileReference; lastKnownFileType = sourcecode.swift; path = FooterCollectionReusableView.swift; sourceTree = "<group>"; };
		8643F5DB2AA9FB0600E66DD8 /* collectionViewController.swift */ = {isa = PBXFileReference; lastKnownFileType = sourcecode.swift; path = collectionViewController.swift; sourceTree = "<group>"; };
		8661FA992A95A178000F1024 /* ReduxTest.app */ = {isa = PBXFileReference; explicitFileType = wrapper.application; includeInIndex = 0; path = ReduxTest.app; sourceTree = BUILT_PRODUCTS_DIR; };
		8661FA9C2A95A178000F1024 /* AppDelegate.swift */ = {isa = PBXFileReference; lastKnownFileType = sourcecode.swift; path = AppDelegate.swift; sourceTree = "<group>"; };
		8661FA9E2A95A178000F1024 /* SceneDelegate.swift */ = {isa = PBXFileReference; lastKnownFileType = sourcecode.swift; path = SceneDelegate.swift; sourceTree = "<group>"; };
		8661FAA02A95A178000F1024 /* ViewController.swift */ = {isa = PBXFileReference; lastKnownFileType = sourcecode.swift; path = ViewController.swift; sourceTree = "<group>"; };
		8661FAA32A95A178000F1024 /* Base */ = {isa = PBXFileReference; lastKnownFileType = file.storyboard; name = Base; path = Base.lproj/Main.storyboard; sourceTree = "<group>"; };
		8661FAA62A95A178000F1024 /* ReduxTest.xcdatamodel */ = {isa = PBXFileReference; lastKnownFileType = wrapper.xcdatamodel; path = ReduxTest.xcdatamodel; sourceTree = "<group>"; };
		8661FAA82A95A178000F1024 /* Assets.xcassets */ = {isa = PBXFileReference; lastKnownFileType = folder.assetcatalog; path = Assets.xcassets; sourceTree = "<group>"; };
		8661FAAB2A95A178000F1024 /* Base */ = {isa = PBXFileReference; lastKnownFileType = file.storyboard; name = Base; path = Base.lproj/LaunchScreen.storyboard; sourceTree = "<group>"; };
		8661FAAD2A95A178000F1024 /* Info.plist */ = {isa = PBXFileReference; lastKnownFileType = text.plist.xml; path = Info.plist; sourceTree = "<group>"; };
		8661FAB82A95A41E000F1024 /* State.swift */ = {isa = PBXFileReference; lastKnownFileType = sourcecode.swift; path = State.swift; sourceTree = "<group>"; };
		8661FABE2A95A57C000F1024 /* CounterAction.swift */ = {isa = PBXFileReference; lastKnownFileType = sourcecode.swift; path = CounterAction.swift; sourceTree = "<group>"; };
		8661FAC12A95A60F000F1024 /* CounterReducer.swift */ = {isa = PBXFileReference; lastKnownFileType = sourcecode.swift; path = CounterReducer.swift; sourceTree = "<group>"; };
		8661FAC32A95C259000F1024 /* Store.swift */ = {isa = PBXFileReference; lastKnownFileType = sourcecode.swift; path = Store.swift; sourceTree = "<group>"; };
		8661FAC52A95C549000F1024 /* CounterViewController.swift */ = {isa = PBXFileReference; lastKnownFileType = sourcecode.swift; path = CounterViewController.swift; sourceTree = "<group>"; };
		8661FAC72A95CA6B000F1024 /* AppReducer.swift */ = {isa = PBXFileReference; lastKnownFileType = sourcecode.swift; path = AppReducer.swift; sourceTree = "<group>"; };
		8690A19D2AADF4CC00913886 /* SecondHeaderCollectionReusableView.swift */ = {isa = PBXFileReference; lastKnownFileType = sourcecode.swift; path = SecondHeaderCollectionReusableView.swift; sourceTree = "<group>"; };
		8690A19E2AADF4CC00913886 /* SecondHeaderCollectionReusableView.xib */ = {isa = PBXFileReference; lastKnownFileType = file.xib; path = SecondHeaderCollectionReusableView.xib; sourceTree = "<group>"; };
		86A1948B2A99ABC9000C1B47 /* TableViewController.swift */ = {isa = PBXFileReference; lastKnownFileType = sourcecode.swift; path = TableViewController.swift; sourceTree = "<group>"; };
		86A1948D2A99AE6A000C1B47 /* TableReducer.swift */ = {isa = PBXFileReference; lastKnownFileType = sourcecode.swift; path = TableReducer.swift; sourceTree = "<group>"; };
		86A1948F2A99AF89000C1B47 /* TableAction.swift */ = {isa = PBXFileReference; lastKnownFileType = sourcecode.swift; path = TableAction.swift; sourceTree = "<group>"; };
		86A194912A99B038000C1B47 /* Action.swift */ = {isa = PBXFileReference; lastKnownFileType = sourcecode.swift; path = Action.swift; sourceTree = "<group>"; };
/* End PBXFileReference section */

/* Begin PBXFrameworksBuildPhase section */
		8661FA962A95A178000F1024 /* Frameworks */ = {
			isa = PBXFrameworksBuildPhase;
			buildActionMask = 2147483647;
			files = (
				8661FAB52A95A3E6000F1024 /* ReSwift in Frameworks */,
			);
			runOnlyForDeploymentPostprocessing = 0;
		};
/* End PBXFrameworksBuildPhase section */

/* Begin PBXGroup section */
		861B5B5B2A95E25300B04E85 /* Model */ = {
			isa = PBXGroup;
			children = (
				861B5B5E2A95E2DB00B04E85 /* ColorSelector.swift */,
			);
			name = Model;
			sourceTree = "<group>";
		};
		861B5B5D2A95E26D00B04E85 /* Redux */ = {
			isa = PBXGroup;
			children = (
				8661FAC02A95A608000F1024 /* Reducer */,
				8661FABD2A95A56C000F1024 /* View */,
				8661FABC2A95A560000F1024 /* Store */,
				8661FABB2A95A55A000F1024 /* Action */,
				8661FABA2A95A435000F1024 /* State */,
			);
			name = Redux;
			sourceTree = "<group>";
		};
		8633A35F2AAC7B7800F481F5 /* collectionViewUnit */ = {
			isa = PBXGroup;
			children = (
				8633A3682AAC979100F481F5 /* TestCollectionViewCell.swift */,
				863D0FA82AACA1D400F38580 /* HeaderCollectionReusableView.swift */,
				863D0FAA2AAD4B5900F38580 /* FooterCollectionReusableView.swift */,
				8690A19D2AADF4CC00913886 /* SecondHeaderCollectionReusableView.swift */,
				8690A19E2AADF4CC00913886 /* SecondHeaderCollectionReusableView.xib */,
			);
			name = collectionViewUnit;
			sourceTree = "<group>";
		};
		8661FA902A95A178000F1024 = {
			isa = PBXGroup;
			children = (
				8661FA9B2A95A178000F1024 /* ReduxTest */,
				8661FA9A2A95A178000F1024 /* Products */,
			);
			sourceTree = "<group>";
		};
		8661FA9A2A95A178000F1024 /* Products */ = {
			isa = PBXGroup;
			children = (
				8661FA992A95A178000F1024 /* ReduxTest.app */,
			);
			name = Products;
			sourceTree = "<group>";
		};
		8661FA9B2A95A178000F1024 /* ReduxTest */ = {
			isa = PBXGroup;
			children = (
				8633A35F2AAC7B7800F481F5 /* collectionViewUnit */,
				861B5B5B2A95E25300B04E85 /* Model */,
				861B5B5D2A95E26D00B04E85 /* Redux */,
				8661FA9C2A95A178000F1024 /* AppDelegate.swift */,
				8661FA9E2A95A178000F1024 /* SceneDelegate.swift */,
				8661FAA02A95A178000F1024 /* ViewController.swift */,
				8661FAA22A95A178000F1024 /* Main.storyboard */,
				8661FAA82A95A178000F1024 /* Assets.xcassets */,
				8661FAAA2A95A178000F1024 /* LaunchScreen.storyboard */,
				8661FAAD2A95A178000F1024 /* Info.plist */,
				8661FAA52A95A178000F1024 /* ReduxTest.xcdatamodeld */,
			);
			path = ReduxTest;
			sourceTree = "<group>";
		};
		8661FABA2A95A435000F1024 /* State */ = {
			isa = PBXGroup;
			children = (
				8661FAB82A95A41E000F1024 /* State.swift */,
			);
			name = State;
			sourceTree = "<group>";
		};
		8661FABB2A95A55A000F1024 /* Action */ = {
			isa = PBXGroup;
			children = (
				8661FABE2A95A57C000F1024 /* CounterAction.swift */,
				86A1948F2A99AF89000C1B47 /* TableAction.swift */,
				86A194912A99B038000C1B47 /* Action.swift */,
			);
			name = Action;
			sourceTree = "<group>";
		};
		8661FABC2A95A560000F1024 /* Store */ = {
			isa = PBXGroup;
			children = (
				8661FAC32A95C259000F1024 /* Store.swift */,
			);
			name = Store;
			sourceTree = "<group>";
		};
		8661FABD2A95A56C000F1024 /* View */ = {
			isa = PBXGroup;
			children = (
				8661FAC52A95C549000F1024 /* CounterViewController.swift */,
				86A1948B2A99ABC9000C1B47 /* TableViewController.swift */,
				8643F5DB2AA9FB0600E66DD8 /* collectionViewController.swift */,
			);
			name = View;
			sourceTree = "<group>";
		};
		8661FAC02A95A608000F1024 /* Reducer */ = {
			isa = PBXGroup;
			children = (
				8661FAC12A95A60F000F1024 /* CounterReducer.swift */,
				8661FAC72A95CA6B000F1024 /* AppReducer.swift */,
				86A1948D2A99AE6A000C1B47 /* TableReducer.swift */,
			);
			name = Reducer;
			sourceTree = "<group>";
		};
/* End PBXGroup section */

/* Begin PBXNativeTarget section */
		8661FA982A95A178000F1024 /* ReduxTest */ = {
			isa = PBXNativeTarget;
			buildConfigurationList = 8661FAB02A95A178000F1024 /* Build configuration list for PBXNativeTarget "ReduxTest" */;
			buildPhases = (
				8661FA952A95A178000F1024 /* Sources */,
				8661FA962A95A178000F1024 /* Frameworks */,
				8661FA972A95A178000F1024 /* Resources */,
			);
			buildRules = (
			);
			dependencies = (
			);
			name = ReduxTest;
			packageProductDependencies = (
				8661FAB42A95A3E6000F1024 /* ReSwift */,
			);
			productName = ReduxTest;
			productReference = 8661FA992A95A178000F1024 /* ReduxTest.app */;
			productType = "com.apple.product-type.application";
		};
/* End PBXNativeTarget section */

/* Begin PBXProject section */
		8661FA912A95A178000F1024 /* Project object */ = {
			isa = PBXProject;
			attributes = {
				BuildIndependentTargetsInParallel = 1;
				LastSwiftUpdateCheck = 1430;
				LastUpgradeCheck = 1430;
				TargetAttributes = {
					8661FA982A95A178000F1024 = {
						CreatedOnToolsVersion = 14.3;
					};
				};
			};
			buildConfigurationList = 8661FA942A95A178000F1024 /* Build configuration list for PBXProject "ReduxTest" */;
			compatibilityVersion = "Xcode 14.0";
			developmentRegion = en;
			hasScannedForEncodings = 0;
			knownRegions = (
				en,
				Base,
			);
			mainGroup = 8661FA902A95A178000F1024;
			packageReferences = (
				8661FAB32A95A3E6000F1024 /* XCRemoteSwiftPackageReference "ReSwift" */,
			);
			productRefGroup = 8661FA9A2A95A178000F1024 /* Products */;
			projectDirPath = "";
			projectRoot = "";
			targets = (
				8661FA982A95A178000F1024 /* ReduxTest */,
			);
		};
/* End PBXProject section */

/* Begin PBXResourcesBuildPhase section */
		8661FA972A95A178000F1024 /* Resources */ = {
			isa = PBXResourcesBuildPhase;
			buildActionMask = 2147483647;
			files = (
				8661FAAC2A95A178000F1024 /* LaunchScreen.storyboard in Resources */,
				8661FAA92A95A178000F1024 /* Assets.xcassets in Resources */,
				8690A1A02AADF4CC00913886 /* SecondHeaderCollectionReusableView.xib in Resources */,
				8661FAA42A95A178000F1024 /* Main.storyboard in Resources */,
			);
			runOnlyForDeploymentPostprocessing = 0;
		};
/* End PBXResourcesBuildPhase section */

/* Begin PBXSourcesBuildPhase section */
		8661FA952A95A178000F1024 /* Sources */ = {
			isa = PBXSourcesBuildPhase;
			buildActionMask = 2147483647;
			files = (
				8661FAA12A95A178000F1024 /* ViewController.swift in Sources */,
				8661FABF2A95A57C000F1024 /* CounterAction.swift in Sources */,
				861B5B5F2A95E2DB00B04E85 /* ColorSelector.swift in Sources */,
				8661FA9D2A95A178000F1024 /* AppDelegate.swift in Sources */,
				8643F5DC2AA9FB0600E66DD8 /* collectionViewController.swift in Sources */,
				8633A36A2AAC979100F481F5 /* TestCollectionViewCell.swift in Sources */,
				8661FAC62A95C549000F1024 /* CounterViewController.swift in Sources */,
				8661FAC82A95CA6B000F1024 /* AppReducer.swift in Sources */,
				86A1948E2A99AE6A000C1B47 /* TableReducer.swift in Sources */,
				8661FAC42A95C259000F1024 /* Store.swift in Sources */,
				863D0FA92AACA1D400F38580 /* HeaderCollectionReusableView.swift in Sources */,
				86A1948C2A99ABC9000C1B47 /* TableViewController.swift in Sources */,
				8661FAA72A95A178000F1024 /* ReduxTest.xcdatamodeld in Sources */,
				8661FAC22A95A60F000F1024 /* CounterReducer.swift in Sources */,
				8661FA9F2A95A178000F1024 /* SceneDelegate.swift in Sources */,
				86A194902A99AF89000C1B47 /* TableAction.swift in Sources */,
				86A194922A99B038000C1B47 /* Action.swift in Sources */,
				863D0FAB2AAD4B5900F38580 /* FooterCollectionReusableView.swift in Sources */,
				8690A19F2AADF4CC00913886 /* SecondHeaderCollectionReusableView.swift in Sources */,
				8661FAB92A95A41E000F1024 /* State.swift in Sources */,
			);
			runOnlyForDeploymentPostprocessing = 0;
		};
/* End PBXSourcesBuildPhase section */

/* Begin PBXVariantGroup section */
		8661FAA22A95A178000F1024 /* Main.storyboard */ = {
			isa = PBXVariantGroup;
			children = (
				8661FAA32A95A178000F1024 /* Base */,
			);
			name = Main.storyboard;
			sourceTree = "<group>";
		};
		8661FAAA2A95A178000F1024 /* LaunchScreen.storyboard */ = {
			isa = PBXVariantGroup;
			children = (
				8661FAAB2A95A178000F1024 /* Base */,
			);
			name = LaunchScreen.storyboard;
			sourceTree = "<group>";
		};
/* End PBXVariantGroup section */

/* Begin XCBuildConfiguration section */
		8661FAAE2A95A178000F1024 /* Debug */ = {
			isa = XCBuildConfiguration;
			buildSettings = {
				ALWAYS_SEARCH_USER_PATHS = NO;
				CLANG_ANALYZER_NONNULL = YES;
				CLANG_ANALYZER_NUMBER_OBJECT_CONVERSION = YES_AGGRESSIVE;
				CLANG_CXX_LANGUAGE_STANDARD = "gnu++20";
				CLANG_ENABLE_MODULES = YES;
				CLANG_ENABLE_OBJC_ARC = YES;
				CLANG_ENABLE_OBJC_WEAK = YES;
				CLANG_WARN_BLOCK_CAPTURE_AUTORELEASING = YES;
				CLANG_WARN_BOOL_CONVERSION = YES;
				CLANG_WARN_COMMA = YES;
				CLANG_WARN_CONSTANT_CONVERSION = YES;
				CLANG_WARN_DEPRECATED_OBJC_IMPLEMENTATIONS = YES;
				CLANG_WARN_DIRECT_OBJC_ISA_USAGE = YES_ERROR;
				CLANG_WARN_DOCUMENTATION_COMMENTS = YES;
				CLANG_WARN_EMPTY_BODY = YES;
				CLANG_WARN_ENUM_CONVERSION = YES;
				CLANG_WARN_INFINITE_RECURSION = YES;
				CLANG_WARN_INT_CONVERSION = YES;
				CLANG_WARN_NON_LITERAL_NULL_CONVERSION = YES;
				CLANG_WARN_OBJC_IMPLICIT_RETAIN_SELF = YES;
				CLANG_WARN_OBJC_LITERAL_CONVERSION = YES;
				CLANG_WARN_OBJC_ROOT_CLASS = YES_ERROR;
				CLANG_WARN_QUOTED_INCLUDE_IN_FRAMEWORK_HEADER = YES;
				CLANG_WARN_RANGE_LOOP_ANALYSIS = YES;
				CLANG_WARN_STRICT_PROTOTYPES = YES;
				CLANG_WARN_SUSPICIOUS_MOVE = YES;
				CLANG_WARN_UNGUARDED_AVAILABILITY = YES_AGGRESSIVE;
				CLANG_WARN_UNREACHABLE_CODE = YES;
				CLANG_WARN__DUPLICATE_METHOD_MATCH = YES;
				COPY_PHASE_STRIP = NO;
				DEBUG_INFORMATION_FORMAT = dwarf;
				ENABLE_STRICT_OBJC_MSGSEND = YES;
				ENABLE_TESTABILITY = YES;
				GCC_C_LANGUAGE_STANDARD = gnu11;
				GCC_DYNAMIC_NO_PIC = NO;
				GCC_NO_COMMON_BLOCKS = YES;
				GCC_OPTIMIZATION_LEVEL = 0;
				GCC_PREPROCESSOR_DEFINITIONS = (
					"DEBUG=1",
					"$(inherited)",
				);
				GCC_WARN_64_TO_32_BIT_CONVERSION = YES;
				GCC_WARN_ABOUT_RETURN_TYPE = YES_ERROR;
				GCC_WARN_UNDECLARED_SELECTOR = YES;
				GCC_WARN_UNINITIALIZED_AUTOS = YES_AGGRESSIVE;
				GCC_WARN_UNUSED_FUNCTION = YES;
				GCC_WARN_UNUSED_VARIABLE = YES;
				IPHONEOS_DEPLOYMENT_TARGET = 16.4;
				MTL_ENABLE_DEBUG_INFO = INCLUDE_SOURCE;
				MTL_FAST_MATH = YES;
				ONLY_ACTIVE_ARCH = YES;
				SDKROOT = iphoneos;
				SWIFT_ACTIVE_COMPILATION_CONDITIONS = DEBUG;
				SWIFT_OPTIMIZATION_LEVEL = "-Onone";
			};
			name = Debug;
		};
		8661FAAF2A95A178000F1024 /* Release */ = {
			isa = XCBuildConfiguration;
			buildSettings = {
				ALWAYS_SEARCH_USER_PATHS = NO;
				CLANG_ANALYZER_NONNULL = YES;
				CLANG_ANALYZER_NUMBER_OBJECT_CONVERSION = YES_AGGRESSIVE;
				CLANG_CXX_LANGUAGE_STANDARD = "gnu++20";
				CLANG_ENABLE_MODULES = YES;
				CLANG_ENABLE_OBJC_ARC = YES;
				CLANG_ENABLE_OBJC_WEAK = YES;
				CLANG_WARN_BLOCK_CAPTURE_AUTORELEASING = YES;
				CLANG_WARN_BOOL_CONVERSION = YES;
				CLANG_WARN_COMMA = YES;
				CLANG_WARN_CONSTANT_CONVERSION = YES;
				CLANG_WARN_DEPRECATED_OBJC_IMPLEMENTATIONS = YES;
				CLANG_WARN_DIRECT_OBJC_ISA_USAGE = YES_ERROR;
				CLANG_WARN_DOCUMENTATION_COMMENTS = YES;
				CLANG_WARN_EMPTY_BODY = YES;
				CLANG_WARN_ENUM_CONVERSION = YES;
				CLANG_WARN_INFINITE_RECURSION = YES;
				CLANG_WARN_INT_CONVERSION = YES;
				CLANG_WARN_NON_LITERAL_NULL_CONVERSION = YES;
				CLANG_WARN_OBJC_IMPLICIT_RETAIN_SELF = YES;
				CLANG_WARN_OBJC_LITERAL_CONVERSION = YES;
				CLANG_WARN_OBJC_ROOT_CLASS = YES_ERROR;
				CLANG_WARN_QUOTED_INCLUDE_IN_FRAMEWORK_HEADER = YES;
				CLANG_WARN_RANGE_LOOP_ANALYSIS = YES;
				CLANG_WARN_STRICT_PROTOTYPES = YES;
				CLANG_WARN_SUSPICIOUS_MOVE = YES;
				CLANG_WARN_UNGUARDED_AVAILABILITY = YES_AGGRESSIVE;
				CLANG_WARN_UNREACHABLE_CODE = YES;
				CLANG_WARN__DUPLICATE_METHOD_MATCH = YES;
				COPY_PHASE_STRIP = NO;
				DEBUG_INFORMATION_FORMAT = "dwarf-with-dsym";
				ENABLE_NS_ASSERTIONS = NO;
				ENABLE_STRICT_OBJC_MSGSEND = YES;
				GCC_C_LANGUAGE_STANDARD = gnu11;
				GCC_NO_COMMON_BLOCKS = YES;
				GCC_WARN_64_TO_32_BIT_CONVERSION = YES;
				GCC_WARN_ABOUT_RETURN_TYPE = YES_ERROR;
				GCC_WARN_UNDECLARED_SELECTOR = YES;
				GCC_WARN_UNINITIALIZED_AUTOS = YES_AGGRESSIVE;
				GCC_WARN_UNUSED_FUNCTION = YES;
				GCC_WARN_UNUSED_VARIABLE = YES;
				IPHONEOS_DEPLOYMENT_TARGET = 16.4;
				MTL_ENABLE_DEBUG_INFO = NO;
				MTL_FAST_MATH = YES;
				SDKROOT = iphoneos;
				SWIFT_COMPILATION_MODE = wholemodule;
				SWIFT_OPTIMIZATION_LEVEL = "-O";
				VALIDATE_PRODUCT = YES;
			};
			name = Release;
		};
		8661FAB12A95A178000F1024 /* Debug */ = {
			isa = XCBuildConfiguration;
			buildSettings = {
				ASSETCATALOG_COMPILER_APPICON_NAME = AppIcon;
				ASSETCATALOG_COMPILER_GLOBAL_ACCENT_COLOR_NAME = AccentColor;
				CODE_SIGN_STYLE = Automatic;
				CURRENT_PROJECT_VERSION = 1;
				DEVELOPMENT_TEAM = KYYQD4R3RH;
				GENERATE_INFOPLIST_FILE = YES;
				INFOPLIST_FILE = ReduxTest/Info.plist;
				INFOPLIST_KEY_UIApplicationSupportsIndirectInputEvents = YES;
				INFOPLIST_KEY_UILaunchStoryboardName = LaunchScreen;
				INFOPLIST_KEY_UIMainStoryboardFile = Main;
				INFOPLIST_KEY_UISupportedInterfaceOrientations_iPad = "UIInterfaceOrientationPortrait UIInterfaceOrientationPortraitUpsideDown UIInterfaceOrientationLandscapeLeft UIInterfaceOrientationLandscapeRight";
				INFOPLIST_KEY_UISupportedInterfaceOrientations_iPhone = "UIInterfaceOrientationPortrait UIInterfaceOrientationLandscapeLeft UIInterfaceOrientationLandscapeRight";
				LD_RUNPATH_SEARCH_PATHS = (
					"$(inherited)",
					"@executable_path/Frameworks",
				);
				MARKETING_VERSION = 1.0;
				PRODUCT_BUNDLE_IDENTIFIER = jp.co.mototou.ReduxTest;
				PRODUCT_NAME = "$(TARGET_NAME)";
				SWIFT_EMIT_LOC_STRINGS = YES;
				SWIFT_VERSION = 5.0;
				TARGETED_DEVICE_FAMILY = "1,2";
			};
			name = Debug;
		};
		8661FAB22A95A178000F1024 /* Release */ = {
			isa = XCBuildConfiguration;
			buildSettings = {
				ASSETCATALOG_COMPILER_APPICON_NAME = AppIcon;
				ASSETCATALOG_COMPILER_GLOBAL_ACCENT_COLOR_NAME = AccentColor;
				CODE_SIGN_STYLE = Automatic;
				CURRENT_PROJECT_VERSION = 1;
				DEVELOPMENT_TEAM = KYYQD4R3RH;
				GENERATE_INFOPLIST_FILE = YES;
				INFOPLIST_FILE = ReduxTest/Info.plist;
				INFOPLIST_KEY_UIApplicationSupportsIndirectInputEvents = YES;
				INFOPLIST_KEY_UILaunchStoryboardName = LaunchScreen;
				INFOPLIST_KEY_UIMainStoryboardFile = Main;
				INFOPLIST_KEY_UISupportedInterfaceOrientations_iPad = "UIInterfaceOrientationPortrait UIInterfaceOrientationPortraitUpsideDown UIInterfaceOrientationLandscapeLeft UIInterfaceOrientationLandscapeRight";
				INFOPLIST_KEY_UISupportedInterfaceOrientations_iPhone = "UIInterfaceOrientationPortrait UIInterfaceOrientationLandscapeLeft UIInterfaceOrientationLandscapeRight";
				LD_RUNPATH_SEARCH_PATHS = (
					"$(inherited)",
					"@executable_path/Frameworks",
				);
				MARKETING_VERSION = 1.0;
				PRODUCT_BUNDLE_IDENTIFIER = jp.co.mototou.ReduxTest;
				PRODUCT_NAME = "$(TARGET_NAME)";
				SWIFT_EMIT_LOC_STRINGS = YES;
				SWIFT_VERSION = 5.0;
				TARGETED_DEVICE_FAMILY = "1,2";
			};
			name = Release;
		};
/* End XCBuildConfiguration section */

/* Begin XCConfigurationList section */
		8661FA942A95A178000F1024 /* Build configuration list for PBXProject "ReduxTest" */ = {
			isa = XCConfigurationList;
			buildConfigurations = (
				8661FAAE2A95A178000F1024 /* Debug */,
				8661FAAF2A95A178000F1024 /* Release */,
			);
			defaultConfigurationIsVisible = 0;
			defaultConfigurationName = Release;
		};
		8661FAB02A95A178000F1024 /* Build configuration list for PBXNativeTarget "ReduxTest" */ = {
			isa = XCConfigurationList;
			buildConfigurations = (
				8661FAB12A95A178000F1024 /* Debug */,
				8661FAB22A95A178000F1024 /* Release */,
			);
			defaultConfigurationIsVisible = 0;
			defaultConfigurationName = Release;
		};
/* End XCConfigurationList section */

/* Begin XCRemoteSwiftPackageReference section */
		8661FAB32A95A3E6000F1024 /* XCRemoteSwiftPackageReference "ReSwift" */ = {
			isa = XCRemoteSwiftPackageReference;
			repositoryURL = "https://github.com/ReSwift/ReSwift.git";
			requirement = {
				kind = upToNextMajorVersion;
				minimumVersion = 6.0.0;
			};
		};
/* End XCRemoteSwiftPackageReference section */

/* Begin XCSwiftPackageProductDependency section */
		8661FAB42A95A3E6000F1024 /* ReSwift */ = {
			isa = XCSwiftPackageProductDependency;
			package = 8661FAB32A95A3E6000F1024 /* XCRemoteSwiftPackageReference "ReSwift" */;
			productName = ReSwift;
		};
/* End XCSwiftPackageProductDependency section */

/* Begin XCVersionGroup section */
		8661FAA52A95A178000F1024 /* ReduxTest.xcdatamodeld */ = {
			isa = XCVersionGroup;
			children = (
				8661FAA62A95A178000F1024 /* ReduxTest.xcdatamodel */,
			);
			currentVersion = 8661FAA62A95A178000F1024 /* ReduxTest.xcdatamodel */;
			path = ReduxTest.xcdatamodeld;
			sourceTree = "<group>";
			versionGroupType = wrapper.xcdatamodel;
		};
/* End XCVersionGroup section */
	};
	rootObject = 8661FA912A95A178000F1024 /* Project object */;
}
